
Microsoft Visual Studio Solution File, Format Version 12.00
# Visual Studio 15
Project("{FAE04EC0-301F-11D3-BF4B-00C04F79EFBC}") = "Assembly-CSharp", "Assembly-CSharp.csproj", "{502A7398-9364-4E68-8B20-08A1B7287CE6}"
EndProject
Project("{FAE04EC0-301F-11D3-BF4B-00C04F79EFBC}") = "GameSystem", "GameSystem.csproj", "{F44A7C3A-4E3C-3BFB-FE30-21D1689AF466}"
EndProject
Project("{FAE04EC0-301F-11D3-BF4B-00C04F79EFBC}") = "Util", "Util.csproj", "{DD632035-539D-9AEA-E8EB-A7C3B19C6033}"
EndProject
Project("{FAE04EC0-301F-11D3-BF4B-00C04F79EFBC}") = "Weapons", "Weapons.csproj", "{4EC07AB1-3A19-24D5-46D7-6F64B21B219D}"
EndProject
Project("{FAE04EC0-301F-11D3-BF4B-00C04F79EFBC}") = "Player", "Player.csproj", "{D50B1C1C-8137-DAA4-1EA5-4BA05E26CDDA}"
EndProject
Project("{FAE04EC0-301F-11D3-BF4B-00C04F79EFBC}") = "Data", "Data.csproj", "{9D163245-9CBE-60B6-71D0-048E052A23FA}"
EndProject
Project("{FAE04EC0-301F-11D3-BF4B-00C04F79EFBC}") = "Basics", "Basics.csproj", "{C86950D7-2AA3-64CB-C160-ADFAB0256D10}"
EndProject
Project("{FAE04EC0-301F-11D3-BF4B-00C04F79EFBC}") = "Health", "Health.csproj", "{0FAEE2B6-6E73-61A1-FA24-1010BBB19B4D}"
EndProject
Project("{FAE04EC0-301F-11D3-BF4B-00C04F79EFBC}") = "MToon", "MToon.csproj", "{0EFD39D3-7953-F42A-1E51-3D975503C3BB}"
EndProject
Project("{FAE04EC0-301F-11D3-BF4B-00C04F79EFBC}") = "Items", "Items.csproj", "{044F0DF6-751E-87CE-AC95-CB92926F1113}"
EndProject
Project("{FAE04EC0-301F-11D3-BF4B-00C04F79EFBC}") = "Debug", "Debug.csproj", "{7225EB79-E7B1-459B-E1D1-39149BF72722}"
EndProject
Project("{FAE04EC0-301F-11D3-BF4B-00C04F79EFBC}") = "SerializableDictionary", "SerializableDictionary.csproj", "{DB219BAC-7383-30C4-DCAF-DE3A82B763C2}"
EndProject
Project("{FAE04EC0-301F-11D3-BF4B-00C04F79EFBC}") = "Interaction", "Interaction.csproj", "{89032F7C-7134-0842-1B73-BF62563D30CD}"
EndProject
Project("{FAE04EC0-301F-11D3-BF4B-00C04F79EFBC}") = "Camera", "Camera.csproj", "{473F601F-2382-6766-12FB-FD437E53E363}"
EndProject
Project("{FAE04EC0-301F-11D3-BF4B-00C04F79EFBC}") = "CustomPostFX", "CustomPostFX.csproj", "{641A4CCA-6300-5939-612C-A94FE4838239}"
EndProject
Project("{FAE04EC0-301F-11D3-BF4B-00C04F79EFBC}") = "UtilUniTask", "UtilUniTask.csproj", "{DD8F886F-F4F3-1BE5-78F3-C4E627A9C81F}"
EndProject
Project("{FAE04EC0-301F-11D3-BF4B-00C04F79EFBC}") = "UtilInput", "UtilInput.csproj", "{FC69570D-189A-8429-EA92-994391D1E9B2}"
EndProject
Project("{FAE04EC0-301F-11D3-BF4B-00C04F79EFBC}") = "WFC_proto", "WFC_proto.csproj", "{01A9588B-4630-506A-8056-4521A0AB0FB0}"
EndProject
Project("{FAE04EC0-301F-11D3-BF4B-00C04F79EFBC}") = "Enemy", "Enemy.csproj", "{A4D29A8E-D385-E949-35D8-57D13920ACEB}"
EndProject
Project("{FAE04EC0-301F-11D3-BF4B-00C04F79EFBC}") = "Assembly-CSharp-Editor", "Assembly-CSharp-Editor.csproj", "{70DCE605-0B54-EE1A-94C7-F4FC0F5299C3}"
EndProject
Project("{FAE04EC0-301F-11D3-BF4B-00C04F79EFBC}") = "MToon.Editor", "MToon.Editor.csproj", "{512CDECE-CD8F-B26F-0DC3-FA918B0CBE63}"
EndProject
Project("{FAE04EC0-301F-11D3-BF4B-00C04F79EFBC}") = "lilToon.Editor", "lilToon.Editor.csproj", "{D29DBFA2-0FC3-FE3C-FFF0-9DAFE68B34C4}"
EndProject
Project("{FAE04EC0-301F-11D3-BF4B-00C04F79EFBC}") = "lilToon.Editor.External", "lilToon.Editor.External.csproj", "{5E6BE9E2-3DEA-4AAB-3FA7-FE0238B723B2}"
EndProject
Project("{FAE04EC0-301F-11D3-BF4B-00C04F79EFBC}") = "Unity.UniversalToonShader.Urp.Editor", "Unity.UniversalToonShader.Urp.Editor.csproj", "{9EE32227-327D-08F3-5A4D-D3D29DB3188C}"
EndProject
Global
	GlobalSection(SolutionConfigurationPlatforms) = preSolution
		Debug|Any CPU = Debug|Any CPU
		Release|Any CPU = Release|Any CPU
	EndGlobalSection
	GlobalSection(ProjectConfigurationPlatforms) = postSolution
		{502A7398-9364-4E68-8B20-08A1B7287CE6}.Debug|Any CPU.ActiveCfg = Debug|Any CPU
		{502A7398-9364-4E68-8B20-08A1B7287CE6}.Debug|Any CPU.Build.0 = Debug|Any CPU
		{502A7398-9364-4E68-8B20-08A1B7287CE6}.Release|Any CPU.ActiveCfg = Release|Any CPU
		{502A7398-9364-4E68-8B20-08A1B7287CE6}.Release|Any CPU.Build.0 = Release|Any CPU
		{F44A7C3A-4E3C-3BFB-FE30-21D1689AF466}.Debug|Any CPU.ActiveCfg = Debug|Any CPU
		{F44A7C3A-4E3C-3BFB-FE30-21D1689AF466}.Debug|Any CPU.Build.0 = Debug|Any CPU
		{F44A7C3A-4E3C-3BFB-FE30-21D1689AF466}.Release|Any CPU.ActiveCfg = Release|Any CPU
		{F44A7C3A-4E3C-3BFB-FE30-21D1689AF466}.Release|Any CPU.Build.0 = Release|Any CPU
		{DD632035-539D-9AEA-E8EB-A7C3B19C6033}.Debug|Any CPU.ActiveCfg = Debug|Any CPU
		{DD632035-539D-9AEA-E8EB-A7C3B19C6033}.Debug|Any CPU.Build.0 = Debug|Any CPU
		{DD632035-539D-9AEA-E8EB-A7C3B19C6033}.Release|Any CPU.ActiveCfg = Release|Any CPU
		{DD632035-539D-9AEA-E8EB-A7C3B19C6033}.Release|Any CPU.Build.0 = Release|Any CPU
		{4EC07AB1-3A19-24D5-46D7-6F64B21B219D}.Debug|Any CPU.ActiveCfg = Debug|Any CPU
		{4EC07AB1-3A19-24D5-46D7-6F64B21B219D}.Debug|Any CPU.Build.0 = Debug|Any CPU
		{4EC07AB1-3A19-24D5-46D7-6F64B21B219D}.Release|Any CPU.ActiveCfg = Release|Any CPU
		{4EC07AB1-3A19-24D5-46D7-6F64B21B219D}.Release|Any CPU.Build.0 = Release|Any CPU
		{D50B1C1C-8137-DAA4-1EA5-4BA05E26CDDA}.Debug|Any CPU.ActiveCfg = Debug|Any CPU
		{D50B1C1C-8137-DAA4-1EA5-4BA05E26CDDA}.Debug|Any CPU.Build.0 = Debug|Any CPU
		{D50B1C1C-8137-DAA4-1EA5-4BA05E26CDDA}.Release|Any CPU.ActiveCfg = Release|Any CPU
		{D50B1C1C-8137-DAA4-1EA5-4BA05E26CDDA}.Release|Any CPU.Build.0 = Release|Any CPU
		{9D163245-9CBE-60B6-71D0-048E052A23FA}.Debug|Any CPU.ActiveCfg = Debug|Any CPU
		{9D163245-9CBE-60B6-71D0-048E052A23FA}.Debug|Any CPU.Build.0 = Debug|Any CPU
		{9D163245-9CBE-60B6-71D0-048E052A23FA}.Release|Any CPU.ActiveCfg = Release|Any CPU
		{9D163245-9CBE-60B6-71D0-048E052A23FA}.Release|Any CPU.Build.0 = Release|Any CPU
		{C86950D7-2AA3-64CB-C160-ADFAB0256D10}.Debug|Any CPU.ActiveCfg = Debug|Any CPU
		{C86950D7-2AA3-64CB-C160-ADFAB0256D10}.Debug|Any CPU.Build.0 = Debug|Any CPU
		{C86950D7-2AA3-64CB-C160-ADFAB0256D10}.Release|Any CPU.ActiveCfg = Release|Any CPU
		{C86950D7-2AA3-64CB-C160-ADFAB0256D10}.Release|Any CPU.Build.0 = Release|Any CPU
		{0FAEE2B6-6E73-61A1-FA24-1010BBB19B4D}.Debug|Any CPU.ActiveCfg = Debug|Any CPU
		{0FAEE2B6-6E73-61A1-FA24-1010BBB19B4D}.Debug|Any CPU.Build.0 = Debug|Any CPU
		{0FAEE2B6-6E73-61A1-FA24-1010BBB19B4D}.Release|Any CPU.ActiveCfg = Release|Any CPU
		{0FAEE2B6-6E73-61A1-FA24-1010BBB19B4D}.Release|Any CPU.Build.0 = Release|Any CPU
		{0EFD39D3-7953-F42A-1E51-3D975503C3BB}.Debug|Any CPU.ActiveCfg = Debug|Any CPU
		{0EFD39D3-7953-F42A-1E51-3D975503C3BB}.Debug|Any CPU.Build.0 = Debug|Any CPU
		{0EFD39D3-7953-F42A-1E51-3D975503C3BB}.Release|Any CPU.ActiveCfg = Release|Any CPU
		{0EFD39D3-7953-F42A-1E51-3D975503C3BB}.Release|Any CPU.Build.0 = Release|Any CPU
		{044F0DF6-751E-87CE-AC95-CB92926F1113}.Debug|Any CPU.ActiveCfg = Debug|Any CPU
		{044F0DF6-751E-87CE-AC95-CB92926F1113}.Debug|Any CPU.Build.0 = Debug|Any CPU
		{044F0DF6-751E-87CE-AC95-CB92926F1113}.Release|Any CPU.ActiveCfg = Release|Any CPU
		{044F0DF6-751E-87CE-AC95-CB92926F1113}.Release|Any CPU.Build.0 = Release|Any CPU
		{7225EB79-E7B1-459B-E1D1-39149BF72722}.Debug|Any CPU.ActiveCfg = Debug|Any CPU
		{7225EB79-E7B1-459B-E1D1-39149BF72722}.Debug|Any CPU.Build.0 = Debug|Any CPU
		{7225EB79-E7B1-459B-E1D1-39149BF72722}.Release|Any CPU.ActiveCfg = Release|Any CPU
		{7225EB79-E7B1-459B-E1D1-39149BF72722}.Release|Any CPU.Build.0 = Release|Any CPU
		{DB219BAC-7383-30C4-DCAF-DE3A82B763C2}.Debug|Any CPU.ActiveCfg = Debug|Any CPU
		{DB219BAC-7383-30C4-DCAF-DE3A82B763C2}.Debug|Any CPU.Build.0 = Debug|Any CPU
		{DB219BAC-7383-30C4-DCAF-DE3A82B763C2}.Release|Any CPU.ActiveCfg = Release|Any CPU
		{DB219BAC-7383-30C4-DCAF-DE3A82B763C2}.Release|Any CPU.Build.0 = Release|Any CPU
		{89032F7C-7134-0842-1B73-BF62563D30CD}.Debug|Any CPU.ActiveCfg = Debug|Any CPU
		{89032F7C-7134-0842-1B73-BF62563D30CD}.Debug|Any CPU.Build.0 = Debug|Any CPU
		{89032F7C-7134-0842-1B73-BF62563D30CD}.Release|Any CPU.ActiveCfg = Release|Any CPU
		{89032F7C-7134-0842-1B73-BF62563D30CD}.Release|Any CPU.Build.0 = Release|Any CPU
		{473F601F-2382-6766-12FB-FD437E53E363}.Debug|Any CPU.ActiveCfg = Debug|Any CPU
		{473F601F-2382-6766-12FB-FD437E53E363}.Debug|Any CPU.Build.0 = Debug|Any CPU
		{473F601F-2382-6766-12FB-FD437E53E363}.Release|Any CPU.ActiveCfg = Release|Any CPU
		{473F601F-2382-6766-12FB-FD437E53E363}.Release|Any CPU.Build.0 = Release|Any CPU
		{641A4CCA-6300-5939-612C-A94FE4838239}.Debug|Any CPU.ActiveCfg = Debug|Any CPU
		{641A4CCA-6300-5939-612C-A94FE4838239}.Debug|Any CPU.Build.0 = Debug|Any CPU
		{641A4CCA-6300-5939-612C-A94FE4838239}.Release|Any CPU.ActiveCfg = Release|Any CPU
		{641A4CCA-6300-5939-612C-A94FE4838239}.Release|Any CPU.Build.0 = Release|Any CPU
		{DD8F886F-F4F3-1BE5-78F3-C4E627A9C81F}.Debug|Any CPU.ActiveCfg = Debug|Any CPU
		{DD8F886F-F4F3-1BE5-78F3-C4E627A9C81F}.Debug|Any CPU.Build.0 = Debug|Any CPU
		{DD8F886F-F4F3-1BE5-78F3-C4E627A9C81F}.Release|Any CPU.ActiveCfg = Release|Any CPU
		{DD8F886F-F4F3-1BE5-78F3-C4E627A9C81F}.Release|Any CPU.Build.0 = Release|Any CPU
		{FC69570D-189A-8429-EA92-994391D1E9B2}.Debug|Any CPU.ActiveCfg = Debug|Any CPU
		{FC69570D-189A-8429-EA92-994391D1E9B2}.Debug|Any CPU.Build.0 = Debug|Any CPU
		{FC69570D-189A-8429-EA92-994391D1E9B2}.Release|Any CPU.ActiveCfg = Release|Any CPU
		{FC69570D-189A-8429-EA92-994391D1E9B2}.Release|Any CPU.Build.0 = Release|Any CPU
		{01A9588B-4630-506A-8056-4521A0AB0FB0}.Debug|Any CPU.ActiveCfg = Debug|Any CPU
		{01A9588B-4630-506A-8056-4521A0AB0FB0}.Debug|Any CPU.Build.0 = Debug|Any CPU
		{01A9588B-4630-506A-8056-4521A0AB0FB0}.Release|Any CPU.ActiveCfg = Release|Any CPU
		{01A9588B-4630-506A-8056-4521A0AB0FB0}.Release|Any CPU.Build.0 = Release|Any CPU
		{A4D29A8E-D385-E949-35D8-57D13920ACEB}.Debug|Any CPU.ActiveCfg = Debug|Any CPU
		{A4D29A8E-D385-E949-35D8-57D13920ACEB}.Debug|Any CPU.Build.0 = Debug|Any CPU
		{A4D29A8E-D385-E949-35D8-57D13920ACEB}.Release|Any CPU.ActiveCfg = Release|Any CPU
		{A4D29A8E-D385-E949-35D8-57D13920ACEB}.Release|Any CPU.Build.0 = Release|Any CPU
		{70DCE605-0B54-EE1A-94C7-F4FC0F5299C3}.Debug|Any CPU.ActiveCfg = Debug|Any CPU
		{70DCE605-0B54-EE1A-94C7-F4FC0F5299C3}.Debug|Any CPU.Build.0 = Debug|Any CPU
		{70DCE605-0B54-EE1A-94C7-F4FC0F5299C3}.Release|Any CPU.ActiveCfg = Release|Any CPU
		{70DCE605-0B54-EE1A-94C7-F4FC0F5299C3}.Release|Any CPU.Build.0 = Release|Any CPU
		{512CDECE-CD8F-B26F-0DC3-FA918B0CBE63}.Debug|Any CPU.ActiveCfg = Debug|Any CPU
		{512CDECE-CD8F-B26F-0DC3-FA918B0CBE63}.Debug|Any CPU.Build.0 = Debug|Any CPU
		{512CDECE-CD8F-B26F-0DC3-FA918B0CBE63}.Release|Any CPU.ActiveCfg = Release|Any CPU
		{512CDECE-CD8F-B26F-0DC3-FA918B0CBE63}.Release|Any CPU.Build.0 = Release|Any CPU
		{D29DBFA2-0FC3-FE3C-FFF0-9DAFE68B34C4}.Debug|Any CPU.ActiveCfg = Debug|Any CPU
		{D29DBFA2-0FC3-FE3C-FFF0-9DAFE68B34C4}.Debug|Any CPU.Build.0 = Debug|Any CPU
		{D29DBFA2-0FC3-FE3C-FFF0-9DAFE68B34C4}.Release|Any CPU.ActiveCfg = Release|Any CPU
		{D29DBFA2-0FC3-FE3C-FFF0-9DAFE68B34C4}.Release|Any CPU.Build.0 = Release|Any CPU
		{5E6BE9E2-3DEA-4AAB-3FA7-FE0238B723B2}.Debug|Any CPU.ActiveCfg = Debug|Any CPU
		{5E6BE9E2-3DEA-4AAB-3FA7-FE0238B723B2}.Debug|Any CPU.Build.0 = Debug|Any CPU
		{5E6BE9E2-3DEA-4AAB-3FA7-FE0238B723B2}.Release|Any CPU.ActiveCfg = Release|Any CPU
		{5E6BE9E2-3DEA-4AAB-3FA7-FE0238B723B2}.Release|Any CPU.Build.0 = Release|Any CPU
		{9EE32227-327D-08F3-5A4D-D3D29DB3188C}.Debug|Any CPU.ActiveCfg = Debug|Any CPU
		{9EE32227-327D-08F3-5A4D-D3D29DB3188C}.Debug|Any CPU.Build.0 = Debug|Any CPU
		{9EE32227-327D-08F3-5A4D-D3D29DB3188C}.Release|Any CPU.ActiveCfg = Release|Any CPU
		{9EE32227-327D-08F3-5A4D-D3D29DB3188C}.Release|Any CPU.Build.0 = Release|Any CPU
	EndGlobalSection
	GlobalSection(SolutionProperties) = preSolution
		HideSolutionNode = FALSE
	EndGlobalSection
EndGlobal
