
Microsoft Visual Studio Solution File, Format Version 12.00
# Visual Studio 15
Project("{FAE04EC0-301F-11D3-BF4B-00C04F79EFBC}") = "Assembly-CSharp", "Assembly-CSharp.csproj", "{A260B4AA-B8E3-7152-A8DC-3BAF2BA43458}"
EndProject
Project("{FAE04EC0-301F-11D3-BF4B-00C04F79EFBC}") = "GameSystem", "GameSystem.csproj", "{D71C7564-4F53-200E-13C2-512B556C269F}"
EndProject
Project("{FAE04EC0-301F-11D3-BF4B-00C04F79EFBC}") = "Util", "Util.csproj", "{CD6AC004-34A0-2BF0-ACBD-98088ED798E8}"
EndProject
Project("{FAE04EC0-301F-11D3-BF4B-00C04F79EFBC}") = "Weapons", "Weapons.csproj", "{E740187B-7671-9787-4812-FBA2AA12CB25}"
EndProject
Project("{FAE04EC0-301F-11D3-BF4B-00C04F79EFBC}") = "Player", "Player.csproj", "{F5877502-77E0-B553-C58A-F5E07005198E}"
EndProject
Project("{FAE04EC0-301F-11D3-BF4B-00C04F79EFBC}") = "Data", "Data.csproj", "{397519CB-8BCA-5CBA-89D1-4FAEED97E61E}"
EndProject
Project("{FAE04EC0-301F-11D3-BF4B-00C04F79EFBC}") = "Basics", "Basics.csproj", "{8298A08E-C4E0-DE00-31E6-53B250219EA3}"
EndProject
Project("{FAE04EC0-301F-11D3-BF4B-00C04F79EFBC}") = "Health", "Health.csproj", "{287283D7-E97B-C938-1F67-D1DBFD75DA80}"
EndProject
Project("{FAE04EC0-301F-11D3-BF4B-00C04F79EFBC}") = "Items", "Items.csproj", "{3227264C-CA62-AD8A-3214-BACCB8927D8B}"
EndProject
Project("{FAE04EC0-301F-11D3-BF4B-00C04F79EFBC}") = "Debug", "Debug.csproj", "{5E4A2CB7-6D47-C4A7-E4DF-1CE059BCA989}"
EndProject
Project("{FAE04EC0-301F-11D3-BF4B-00C04F79EFBC}") = "SerializableDictionary", "SerializableDictionary.csproj", "{9CE18C46-86A7-3698-2C29-D2891F379D26}"
EndProject
Project("{FAE04EC0-301F-11D3-BF4B-00C04F79EFBC}") = "Interaction", "Interaction.csproj", "{34D73182-B2B3-1E26-7B0F-6092CFBE5E2F}"
EndProject
Project("{FAE04EC0-301F-11D3-BF4B-00C04F79EFBC}") = "Camera", "Camera.csproj", "{4158E0DC-39A1-3A1C-EC52-165220658119}"
EndProject
Project("{FAE04EC0-301F-11D3-BF4B-00C04F79EFBC}") = "CustomPostFX", "CustomPostFX.csproj", "{2AA6AD2C-23D4-965B-54C0-3670F92FD794}"
EndProject
Project("{FAE04EC0-301F-11D3-BF4B-00C04F79EFBC}") = "UtilUniTask", "UtilUniTask.csproj", "{A64E19F2-8B6C-7AAC-BDF6-7A8A73FED50E}"
EndProject
Project("{FAE04EC0-301F-11D3-BF4B-00C04F79EFBC}") = "UtilInput", "UtilInput.csproj", "{EC6F806C-A796-F57B-F9DD-C7D7925580EE}"
EndProject
Project("{FAE04EC0-301F-11D3-BF4B-00C04F79EFBC}") = "WFC_proto", "WFC_proto.csproj", "{41010A00-DBAC-CEA9-E4C5-52B066AA054D}"
EndProject
Project("{FAE04EC0-301F-11D3-BF4B-00C04F79EFBC}") = "Enemy", "Enemy.csproj", "{D3CE1F02-299E-EC58-70D9-5557AD300A3F}"
EndProject
Project("{FAE04EC0-301F-11D3-BF4B-00C04F79EFBC}") = "VRMShaders.GLTF.IO.Runtime", "VRMShaders.GLTF.IO.Runtime.csproj", "{FF32EF93-C38A-DE49-BCDB-60CA59D030E8}"
EndProject
Project("{FAE04EC0-301F-11D3-BF4B-00C04F79EFBC}") = "VRMShaders.VRM.IO.Runtime", "VRMShaders.VRM.IO.Runtime.csproj", "{537A8882-CFF1-93D1-A703-5572829A1382}"
EndProject
Project("{FAE04EC0-301F-11D3-BF4B-00C04F79EFBC}") = "VRMShaders.VRM10.MToon10.Runtime", "VRMShaders.VRM10.MToon10.Runtime.csproj", "{BE92875C-5C75-E9EB-8BF7-A4C54F62BBB5}"
EndProject
Project("{FAE04EC0-301F-11D3-BF4B-00C04F79EFBC}") = "MToon", "MToon.csproj", "{A108D6F6-2069-7EA0-6EF6-F225DEB697E8}"
EndProject
Project("{FAE04EC0-301F-11D3-BF4B-00C04F79EFBC}") = "VRMShaders.GLTF.UniUnlit.Runtime", "VRMShaders.GLTF.UniUnlit.Runtime.csproj", "{C76944D8-912B-37F6-E1D4-1C423FE617E7}"
EndProject
Project("{FAE04EC0-301F-11D3-BF4B-00C04F79EFBC}") = "VRMShaders.VRM10.Format.Runtime", "VRMShaders.VRM10.Format.Runtime.csproj", "{E8BA62C5-52B5-5FAD-8B2F-E9366981A596}"
EndProject
Project("{FAE04EC0-301F-11D3-BF4B-00C04F79EFBC}") = "Assembly-CSharp-Editor", "Assembly-CSharp-Editor.csproj", "{A82A6D41-5424-08C3-7355-FCEA835AB289}"
EndProject
Project("{FAE04EC0-301F-11D3-BF4B-00C04F79EFBC}") = "lilToon.Editor", "lilToon.Editor.csproj", "{6DBFA263-FFFD-DFBC-7D28-79647931F46D}"
EndProject
Project("{FAE04EC0-301F-11D3-BF4B-00C04F79EFBC}") = "lilToon.Editor.External", "lilToon.Editor.External.csproj", "{E0DA8F98-B4E4-5A04-43DD-DE807EBC8F4A}"
EndProject
Project("{FAE04EC0-301F-11D3-BF4B-00C04F79EFBC}") = "Unity.UniversalToonShader.Urp.Editor", "Unity.UniversalToonShader.Urp.Editor.csproj", "{FADE7961-6159-5342-197D-66631B592AC3}"
EndProject
Project("{FAE04EC0-301F-11D3-BF4B-00C04F79EFBC}") = "VRMShaders.GLTF.IO.Tests", "VRMShaders.GLTF.IO.Tests.csproj", "{AB109443-1AD9-3305-BF73-7E2C85FB8656}"
EndProject
Project("{FAE04EC0-301F-11D3-BF4B-00C04F79EFBC}") = "VRMShaders.VRM10.MToon10.Editor", "VRMShaders.VRM10.MToon10.Editor.csproj", "{3B303624-2581-2D74-DF7B-C191F64C4310}"
EndProject
Project("{FAE04EC0-301F-11D3-BF4B-00C04F79EFBC}") = "VRMShaders.GLTF.IO.Editor", "VRMShaders.GLTF.IO.Editor.csproj", "{4056E1C4-16E9-9075-8E89-E779259683F2}"
EndProject
Project("{FAE04EC0-301F-11D3-BF4B-00C04F79EFBC}") = "VRMShaders.GLTF.UniUnlit.Editor", "VRMShaders.GLTF.UniUnlit.Editor.csproj", "{0B1EFBF6-C807-4233-782B-0577A0A60D5B}"
EndProject
Project("{FAE04EC0-301F-11D3-BF4B-00C04F79EFBC}") = "MToon.Editor", "MToon.Editor.csproj", "{D60698EA-4914-044C-EF04-AEE9FE4C2EB1}"
EndProject
Project("{FAE04EC0-301F-11D3-BF4B-00C04F79EFBC}") = "VRMShaders.VRM10.MToon10.Tests", "VRMShaders.VRM10.MToon10.Tests.csproj", "{FDDC9C41-C821-0E3D-1E0C-826FDD8E6974}"
EndProject
Global
	GlobalSection(SolutionConfigurationPlatforms) = preSolution
		Debug|Any CPU = Debug|Any CPU
		Release|Any CPU = Release|Any CPU
	EndGlobalSection
	GlobalSection(ProjectConfigurationPlatforms) = postSolution
		{A260B4AA-B8E3-7152-A8DC-3BAF2BA43458}.Debug|Any CPU.ActiveCfg = Debug|Any CPU
		{A260B4AA-B8E3-7152-A8DC-3BAF2BA43458}.Debug|Any CPU.Build.0 = Debug|Any CPU
		{A260B4AA-B8E3-7152-A8DC-3BAF2BA43458}.Release|Any CPU.ActiveCfg = Release|Any CPU
		{A260B4AA-B8E3-7152-A8DC-3BAF2BA43458}.Release|Any CPU.Build.0 = Release|Any CPU
		{D71C7564-4F53-200E-13C2-512B556C269F}.Debug|Any CPU.ActiveCfg = Debug|Any CPU
		{D71C7564-4F53-200E-13C2-512B556C269F}.Debug|Any CPU.Build.0 = Debug|Any CPU
		{D71C7564-4F53-200E-13C2-512B556C269F}.Release|Any CPU.ActiveCfg = Release|Any CPU
		{D71C7564-4F53-200E-13C2-512B556C269F}.Release|Any CPU.Build.0 = Release|Any CPU
		{CD6AC004-34A0-2BF0-ACBD-98088ED798E8}.Debug|Any CPU.ActiveCfg = Debug|Any CPU
		{CD6AC004-34A0-2BF0-ACBD-98088ED798E8}.Debug|Any CPU.Build.0 = Debug|Any CPU
		{CD6AC004-34A0-2BF0-ACBD-98088ED798E8}.Release|Any CPU.ActiveCfg = Release|Any CPU
		{CD6AC004-34A0-2BF0-ACBD-98088ED798E8}.Release|Any CPU.Build.0 = Release|Any CPU
		{E740187B-7671-9787-4812-FBA2AA12CB25}.Debug|Any CPU.ActiveCfg = Debug|Any CPU
		{E740187B-7671-9787-4812-FBA2AA12CB25}.Debug|Any CPU.Build.0 = Debug|Any CPU
		{E740187B-7671-9787-4812-FBA2AA12CB25}.Release|Any CPU.ActiveCfg = Release|Any CPU
		{E740187B-7671-9787-4812-FBA2AA12CB25}.Release|Any CPU.Build.0 = Release|Any CPU
		{F5877502-77E0-B553-C58A-F5E07005198E}.Debug|Any CPU.ActiveCfg = Debug|Any CPU
		{F5877502-77E0-B553-C58A-F5E07005198E}.Debug|Any CPU.Build.0 = Debug|Any CPU
		{F5877502-77E0-B553-C58A-F5E07005198E}.Release|Any CPU.ActiveCfg = Release|Any CPU
		{F5877502-77E0-B553-C58A-F5E07005198E}.Release|Any CPU.Build.0 = Release|Any CPU
		{397519CB-8BCA-5CBA-89D1-4FAEED97E61E}.Debug|Any CPU.ActiveCfg = Debug|Any CPU
		{397519CB-8BCA-5CBA-89D1-4FAEED97E61E}.Debug|Any CPU.Build.0 = Debug|Any CPU
		{397519CB-8BCA-5CBA-89D1-4FAEED97E61E}.Release|Any CPU.ActiveCfg = Release|Any CPU
		{397519CB-8BCA-5CBA-89D1-4FAEED97E61E}.Release|Any CPU.Build.0 = Release|Any CPU
		{8298A08E-C4E0-DE00-31E6-53B250219EA3}.Debug|Any CPU.ActiveCfg = Debug|Any CPU
		{8298A08E-C4E0-DE00-31E6-53B250219EA3}.Debug|Any CPU.Build.0 = Debug|Any CPU
		{8298A08E-C4E0-DE00-31E6-53B250219EA3}.Release|Any CPU.ActiveCfg = Release|Any CPU
		{8298A08E-C4E0-DE00-31E6-53B250219EA3}.Release|Any CPU.Build.0 = Release|Any CPU
		{287283D7-E97B-C938-1F67-D1DBFD75DA80}.Debug|Any CPU.ActiveCfg = Debug|Any CPU
		{287283D7-E97B-C938-1F67-D1DBFD75DA80}.Debug|Any CPU.Build.0 = Debug|Any CPU
		{287283D7-E97B-C938-1F67-D1DBFD75DA80}.Release|Any CPU.ActiveCfg = Release|Any CPU
		{287283D7-E97B-C938-1F67-D1DBFD75DA80}.Release|Any CPU.Build.0 = Release|Any CPU
		{3227264C-CA62-AD8A-3214-BACCB8927D8B}.Debug|Any CPU.ActiveCfg = Debug|Any CPU
		{3227264C-CA62-AD8A-3214-BACCB8927D8B}.Debug|Any CPU.Build.0 = Debug|Any CPU
		{3227264C-CA62-AD8A-3214-BACCB8927D8B}.Release|Any CPU.ActiveCfg = Release|Any CPU
		{3227264C-CA62-AD8A-3214-BACCB8927D8B}.Release|Any CPU.Build.0 = Release|Any CPU
		{5E4A2CB7-6D47-C4A7-E4DF-1CE059BCA989}.Debug|Any CPU.ActiveCfg = Debug|Any CPU
		{5E4A2CB7-6D47-C4A7-E4DF-1CE059BCA989}.Debug|Any CPU.Build.0 = Debug|Any CPU
		{5E4A2CB7-6D47-C4A7-E4DF-1CE059BCA989}.Release|Any CPU.ActiveCfg = Release|Any CPU
		{5E4A2CB7-6D47-C4A7-E4DF-1CE059BCA989}.Release|Any CPU.Build.0 = Release|Any CPU
		{9CE18C46-86A7-3698-2C29-D2891F379D26}.Debug|Any CPU.ActiveCfg = Debug|Any CPU
		{9CE18C46-86A7-3698-2C29-D2891F379D26}.Debug|Any CPU.Build.0 = Debug|Any CPU
		{9CE18C46-86A7-3698-2C29-D2891F379D26}.Release|Any CPU.ActiveCfg = Release|Any CPU
		{9CE18C46-86A7-3698-2C29-D2891F379D26}.Release|Any CPU.Build.0 = Release|Any CPU
		{34D73182-B2B3-1E26-7B0F-6092CFBE5E2F}.Debug|Any CPU.ActiveCfg = Debug|Any CPU
		{34D73182-B2B3-1E26-7B0F-6092CFBE5E2F}.Debug|Any CPU.Build.0 = Debug|Any CPU
		{34D73182-B2B3-1E26-7B0F-6092CFBE5E2F}.Release|Any CPU.ActiveCfg = Release|Any CPU
		{34D73182-B2B3-1E26-7B0F-6092CFBE5E2F}.Release|Any CPU.Build.0 = Release|Any CPU
		{4158E0DC-39A1-3A1C-EC52-165220658119}.Debug|Any CPU.ActiveCfg = Debug|Any CPU
		{4158E0DC-39A1-3A1C-EC52-165220658119}.Debug|Any CPU.Build.0 = Debug|Any CPU
		{4158E0DC-39A1-3A1C-EC52-165220658119}.Release|Any CPU.ActiveCfg = Release|Any CPU
		{4158E0DC-39A1-3A1C-EC52-165220658119}.Release|Any CPU.Build.0 = Release|Any CPU
		{2AA6AD2C-23D4-965B-54C0-3670F92FD794}.Debug|Any CPU.ActiveCfg = Debug|Any CPU
		{2AA6AD2C-23D4-965B-54C0-3670F92FD794}.Debug|Any CPU.Build.0 = Debug|Any CPU
		{2AA6AD2C-23D4-965B-54C0-3670F92FD794}.Release|Any CPU.ActiveCfg = Release|Any CPU
		{2AA6AD2C-23D4-965B-54C0-3670F92FD794}.Release|Any CPU.Build.0 = Release|Any CPU
		{A64E19F2-8B6C-7AAC-BDF6-7A8A73FED50E}.Debug|Any CPU.ActiveCfg = Debug|Any CPU
		{A64E19F2-8B6C-7AAC-BDF6-7A8A73FED50E}.Debug|Any CPU.Build.0 = Debug|Any CPU
		{A64E19F2-8B6C-7AAC-BDF6-7A8A73FED50E}.Release|Any CPU.ActiveCfg = Release|Any CPU
		{A64E19F2-8B6C-7AAC-BDF6-7A8A73FED50E}.Release|Any CPU.Build.0 = Release|Any CPU
		{EC6F806C-A796-F57B-F9DD-C7D7925580EE}.Debug|Any CPU.ActiveCfg = Debug|Any CPU
		{EC6F806C-A796-F57B-F9DD-C7D7925580EE}.Debug|Any CPU.Build.0 = Debug|Any CPU
		{EC6F806C-A796-F57B-F9DD-C7D7925580EE}.Release|Any CPU.ActiveCfg = Release|Any CPU
		{EC6F806C-A796-F57B-F9DD-C7D7925580EE}.Release|Any CPU.Build.0 = Release|Any CPU
		{41010A00-DBAC-CEA9-E4C5-52B066AA054D}.Debug|Any CPU.ActiveCfg = Debug|Any CPU
		{41010A00-DBAC-CEA9-E4C5-52B066AA054D}.Debug|Any CPU.Build.0 = Debug|Any CPU
		{41010A00-DBAC-CEA9-E4C5-52B066AA054D}.Release|Any CPU.ActiveCfg = Release|Any CPU
		{41010A00-DBAC-CEA9-E4C5-52B066AA054D}.Release|Any CPU.Build.0 = Release|Any CPU
		{D3CE1F02-299E-EC58-70D9-5557AD300A3F}.Debug|Any CPU.ActiveCfg = Debug|Any CPU
		{D3CE1F02-299E-EC58-70D9-5557AD300A3F}.Debug|Any CPU.Build.0 = Debug|Any CPU
		{D3CE1F02-299E-EC58-70D9-5557AD300A3F}.Release|Any CPU.ActiveCfg = Release|Any CPU
		{D3CE1F02-299E-EC58-70D9-5557AD300A3F}.Release|Any CPU.Build.0 = Release|Any CPU
		{FF32EF93-C38A-DE49-BCDB-60CA59D030E8}.Debug|Any CPU.ActiveCfg = Debug|Any CPU
		{FF32EF93-C38A-DE49-BCDB-60CA59D030E8}.Debug|Any CPU.Build.0 = Debug|Any CPU
		{FF32EF93-C38A-DE49-BCDB-60CA59D030E8}.Release|Any CPU.ActiveCfg = Release|Any CPU
		{FF32EF93-C38A-DE49-BCDB-60CA59D030E8}.Release|Any CPU.Build.0 = Release|Any CPU
		{537A8882-CFF1-93D1-A703-5572829A1382}.Debug|Any CPU.ActiveCfg = Debug|Any CPU
		{537A8882-CFF1-93D1-A703-5572829A1382}.Debug|Any CPU.Build.0 = Debug|Any CPU
		{537A8882-CFF1-93D1-A703-5572829A1382}.Release|Any CPU.ActiveCfg = Release|Any CPU
		{537A8882-CFF1-93D1-A703-5572829A1382}.Release|Any CPU.Build.0 = Release|Any CPU
		{BE92875C-5C75-E9EB-8BF7-A4C54F62BBB5}.Debug|Any CPU.ActiveCfg = Debug|Any CPU
		{BE92875C-5C75-E9EB-8BF7-A4C54F62BBB5}.Debug|Any CPU.Build.0 = Debug|Any CPU
		{BE92875C-5C75-E9EB-8BF7-A4C54F62BBB5}.Release|Any CPU.ActiveCfg = Release|Any CPU
		{BE92875C-5C75-E9EB-8BF7-A4C54F62BBB5}.Release|Any CPU.Build.0 = Release|Any CPU
		{A108D6F6-2069-7EA0-6EF6-F225DEB697E8}.Debug|Any CPU.ActiveCfg = Debug|Any CPU
		{A108D6F6-2069-7EA0-6EF6-F225DEB697E8}.Debug|Any CPU.Build.0 = Debug|Any CPU
		{A108D6F6-2069-7EA0-6EF6-F225DEB697E8}.Release|Any CPU.ActiveCfg = Release|Any CPU
		{A108D6F6-2069-7EA0-6EF6-F225DEB697E8}.Release|Any CPU.Build.0 = Release|Any CPU
		{C76944D8-912B-37F6-E1D4-1C423FE617E7}.Debug|Any CPU.ActiveCfg = Debug|Any CPU
		{C76944D8-912B-37F6-E1D4-1C423FE617E7}.Debug|Any CPU.Build.0 = Debug|Any CPU
		{C76944D8-912B-37F6-E1D4-1C423FE617E7}.Release|Any CPU.ActiveCfg = Release|Any CPU
		{C76944D8-912B-37F6-E1D4-1C423FE617E7}.Release|Any CPU.Build.0 = Release|Any CPU
		{E8BA62C5-52B5-5FAD-8B2F-E9366981A596}.Debug|Any CPU.ActiveCfg = Debug|Any CPU
		{E8BA62C5-52B5-5FAD-8B2F-E9366981A596}.Debug|Any CPU.Build.0 = Debug|Any CPU
		{E8BA62C5-52B5-5FAD-8B2F-E9366981A596}.Release|Any CPU.ActiveCfg = Release|Any CPU
		{E8BA62C5-52B5-5FAD-8B2F-E9366981A596}.Release|Any CPU.Build.0 = Release|Any CPU
		{A82A6D41-5424-08C3-7355-FCEA835AB289}.Debug|Any CPU.ActiveCfg = Debug|Any CPU
		{A82A6D41-5424-08C3-7355-FCEA835AB289}.Debug|Any CPU.Build.0 = Debug|Any CPU
		{A82A6D41-5424-08C3-7355-FCEA835AB289}.Release|Any CPU.ActiveCfg = Release|Any CPU
		{A82A6D41-5424-08C3-7355-FCEA835AB289}.Release|Any CPU.Build.0 = Release|Any CPU
		{6DBFA263-FFFD-DFBC-7D28-79647931F46D}.Debug|Any CPU.ActiveCfg = Debug|Any CPU
		{6DBFA263-FFFD-DFBC-7D28-79647931F46D}.Debug|Any CPU.Build.0 = Debug|Any CPU
		{6DBFA263-FFFD-DFBC-7D28-79647931F46D}.Release|Any CPU.ActiveCfg = Release|Any CPU
		{6DBFA263-FFFD-DFBC-7D28-79647931F46D}.Release|Any CPU.Build.0 = Release|Any CPU
		{E0DA8F98-B4E4-5A04-43DD-DE807EBC8F4A}.Debug|Any CPU.ActiveCfg = Debug|Any CPU
		{E0DA8F98-B4E4-5A04-43DD-DE807EBC8F4A}.Debug|Any CPU.Build.0 = Debug|Any CPU
		{E0DA8F98-B4E4-5A04-43DD-DE807EBC8F4A}.Release|Any CPU.ActiveCfg = Release|Any CPU
		{E0DA8F98-B4E4-5A04-43DD-DE807EBC8F4A}.Release|Any CPU.Build.0 = Release|Any CPU
		{FADE7961-6159-5342-197D-66631B592AC3}.Debug|Any CPU.ActiveCfg = Debug|Any CPU
		{FADE7961-6159-5342-197D-66631B592AC3}.Debug|Any CPU.Build.0 = Debug|Any CPU
		{FADE7961-6159-5342-197D-66631B592AC3}.Release|Any CPU.ActiveCfg = Release|Any CPU
		{FADE7961-6159-5342-197D-66631B592AC3}.Release|Any CPU.Build.0 = Release|Any CPU
		{AB109443-1AD9-3305-BF73-7E2C85FB8656}.Debug|Any CPU.ActiveCfg = Debug|Any CPU
		{AB109443-1AD9-3305-BF73-7E2C85FB8656}.Debug|Any CPU.Build.0 = Debug|Any CPU
		{AB109443-1AD9-3305-BF73-7E2C85FB8656}.Release|Any CPU.ActiveCfg = Release|Any CPU
		{AB109443-1AD9-3305-BF73-7E2C85FB8656}.Release|Any CPU.Build.0 = Release|Any CPU
		{3B303624-2581-2D74-DF7B-C191F64C4310}.Debug|Any CPU.ActiveCfg = Debug|Any CPU
		{3B303624-2581-2D74-DF7B-C191F64C4310}.Debug|Any CPU.Build.0 = Debug|Any CPU
		{3B303624-2581-2D74-DF7B-C191F64C4310}.Release|Any CPU.ActiveCfg = Release|Any CPU
		{3B303624-2581-2D74-DF7B-C191F64C4310}.Release|Any CPU.Build.0 = Release|Any CPU
		{4056E1C4-16E9-9075-8E89-E779259683F2}.Debug|Any CPU.ActiveCfg = Debug|Any CPU
		{4056E1C4-16E9-9075-8E89-E779259683F2}.Debug|Any CPU.Build.0 = Debug|Any CPU
		{4056E1C4-16E9-9075-8E89-E779259683F2}.Release|Any CPU.ActiveCfg = Release|Any CPU
		{4056E1C4-16E9-9075-8E89-E779259683F2}.Release|Any CPU.Build.0 = Release|Any CPU
		{0B1EFBF6-C807-4233-782B-0577A0A60D5B}.Debug|Any CPU.ActiveCfg = Debug|Any CPU
		{0B1EFBF6-C807-4233-782B-0577A0A60D5B}.Debug|Any CPU.Build.0 = Debug|Any CPU
		{0B1EFBF6-C807-4233-782B-0577A0A60D5B}.Release|Any CPU.ActiveCfg = Release|Any CPU
		{0B1EFBF6-C807-4233-782B-0577A0A60D5B}.Release|Any CPU.Build.0 = Release|Any CPU
		{D60698EA-4914-044C-EF04-AEE9FE4C2EB1}.Debug|Any CPU.ActiveCfg = Debug|Any CPU
		{D60698EA-4914-044C-EF04-AEE9FE4C2EB1}.Debug|Any CPU.Build.0 = Debug|Any CPU
		{D60698EA-4914-044C-EF04-AEE9FE4C2EB1}.Release|Any CPU.ActiveCfg = Release|Any CPU
		{D60698EA-4914-044C-EF04-AEE9FE4C2EB1}.Release|Any CPU.Build.0 = Release|Any CPU
		{FDDC9C41-C821-0E3D-1E0C-826FDD8E6974}.Debug|Any CPU.ActiveCfg = Debug|Any CPU
		{FDDC9C41-C821-0E3D-1E0C-826FDD8E6974}.Debug|Any CPU.Build.0 = Debug|Any CPU
		{FDDC9C41-C821-0E3D-1E0C-826FDD8E6974}.Release|Any CPU.ActiveCfg = Release|Any CPU
		{FDDC9C41-C821-0E3D-1E0C-826FDD8E6974}.Release|Any CPU.Build.0 = Release|Any CPU
	EndGlobalSection
	GlobalSection(SolutionProperties) = preSolution
		HideSolutionNode = FALSE
	EndGlobalSection
EndGlobal
