
Microsoft Visual Studio Solution File, Format Version 12.00
# Visual Studio 15
Project("{FAE04EC0-301F-11D3-BF4B-00C04F79EFBC}") = "VRMShaders.GLTF.IO.Runtime", "VRMShaders.GLTF.IO.Runtime.csproj", "{1854DB31-09B9-1FC5-36DB-157779FB7A32}"
EndProject
Project("{FAE04EC0-301F-11D3-BF4B-00C04F79EFBC}") = "Assembly-CSharp", "Assembly-CSharp.csproj", "{BC762239-9D91-3EAB-F324-08CBAD23E9E2}"
EndProject
Project("{FAE04EC0-301F-11D3-BF4B-00C04F79EFBC}") = "VRMShaders.VRM10.MToon10.Runtime", "VRMShaders.VRM10.MToon10.Runtime.csproj", "{09D739A3-31DC-D9F2-408E-6812DD7448EA}"
EndProject
Project("{FAE04EC0-301F-11D3-BF4B-00C04F79EFBC}") = "GameSystem", "GameSystem.csproj", "{4450AD91-356A-0B4F-13ED-5A050C667998}"
EndProject
Project("{FAE04EC0-301F-11D3-BF4B-00C04F79EFBC}") = "Util", "Util.csproj", "{36400885-B28C-A923-C4E3-89776869B046}"
EndProject
Project("{FAE04EC0-301F-11D3-BF4B-00C04F79EFBC}") = "Weapons", "Weapons.csproj", "{D8F08F8E-D62E-F52E-3A7D-DC3BF1DDCA13}"
EndProject
Project("{FAE04EC0-301F-11D3-BF4B-00C04F79EFBC}") = "Player", "Player.csproj", "{426F2EAC-8E1F-0A8F-793B-FC527A785CDD}"
EndProject
Project("{FAE04EC0-301F-11D3-BF4B-00C04F79EFBC}") = "Data", "Data.csproj", "{682A1E6C-8196-C4E9-E9FA-A9EAC2CAA1A4}"
EndProject
Project("{FAE04EC0-301F-11D3-BF4B-00C04F79EFBC}") = "Basics", "Basics.csproj", "{A4630737-D476-6083-AAD5-207DE1BEA348}"
EndProject
Project("{FAE04EC0-301F-11D3-BF4B-00C04F79EFBC}") = "Health", "Health.csproj", "{62EDF039-DA7E-33EA-2EC8-27ADC6732459}"
EndProject
Project("{FAE04EC0-301F-11D3-BF4B-00C04F79EFBC}") = "Items", "Items.csproj", "{FBE6B292-3561-9D5A-F161-8E472A32AB9F}"
EndProject
Project("{FAE04EC0-301F-11D3-BF4B-00C04F79EFBC}") = "MToon", "MToon.csproj", "{84980644-854D-6EA8-923C-D26EC91DDBD3}"
EndProject
Project("{FAE04EC0-301F-11D3-BF4B-00C04F79EFBC}") = "Debug", "Debug.csproj", "{09B3A775-7145-D414-329B-8211956927AC}"
EndProject
Project("{FAE04EC0-301F-11D3-BF4B-00C04F79EFBC}") = "VRMShaders.VRM10.Format.Runtime", "VRMShaders.VRM10.Format.Runtime.csproj", "{C9D42F06-84FA-A99A-2359-9DF01D5A7EAE}"
EndProject
Project("{FAE04EC0-301F-11D3-BF4B-00C04F79EFBC}") = "SerializableDictionary", "SerializableDictionary.csproj", "{EB7457A9-A8C2-80E5-207F-D95BDD59DCCE}"
EndProject
Project("{FAE04EC0-301F-11D3-BF4B-00C04F79EFBC}") = "Interaction", "Interaction.csproj", "{ACC04F58-0A64-E2E1-512E-C6685F1ECD98}"
EndProject
Project("{FAE04EC0-301F-11D3-BF4B-00C04F79EFBC}") = "Camera", "Camera.csproj", "{29A62671-78C2-A0FC-FC6F-E6F07134B024}"
EndProject
Project("{FAE04EC0-301F-11D3-BF4B-00C04F79EFBC}") = "CustomPostFX", "CustomPostFX.csproj", "{D8C862C5-BBBD-F0CD-4267-EE4059F75D75}"
EndProject
Project("{FAE04EC0-301F-11D3-BF4B-00C04F79EFBC}") = "UtilUniTask", "UtilUniTask.csproj", "{2DB4A912-057F-06D3-7AA7-6D443E5CAA43}"
EndProject
Project("{FAE04EC0-301F-11D3-BF4B-00C04F79EFBC}") = "UtilInput", "UtilInput.csproj", "{57E02E72-DA87-1812-4C0A-B6D5A81F802D}"
EndProject
Project("{FAE04EC0-301F-11D3-BF4B-00C04F79EFBC}") = "VRMShaders.GLTF.UniUnlit.Runtime", "VRMShaders.GLTF.UniUnlit.Runtime.csproj", "{0A35EA5D-3851-2BB6-5D70-24E150CE8672}"
EndProject
Project("{FAE04EC0-301F-11D3-BF4B-00C04F79EFBC}") = "WFC_proto", "WFC_proto.csproj", "{2B205934-F5D2-D20C-711F-C88A6018B486}"
EndProject
Project("{FAE04EC0-301F-11D3-BF4B-00C04F79EFBC}") = "VRMShaders.VRM.IO.Runtime", "VRMShaders.VRM.IO.Runtime.csproj", "{15C8A44C-37DD-99C7-9F23-C5C2508A5F9C}"
EndProject
Project("{FAE04EC0-301F-11D3-BF4B-00C04F79EFBC}") = "Enemy", "Enemy.csproj", "{456DB6AF-6183-5787-5E2B-7E679B083BE1}"
EndProject
Project("{FAE04EC0-301F-11D3-BF4B-00C04F79EFBC}") = "VRMShaders.GLTF.IO.Tests", "VRMShaders.GLTF.IO.Tests.csproj", "{9A728418-2690-FABC-9986-77F30AB67732}"
EndProject
Project("{FAE04EC0-301F-11D3-BF4B-00C04F79EFBC}") = "Assembly-CSharp-Editor", "Assembly-CSharp-Editor.csproj", "{E1EF07B9-BFA8-023F-A1BA-0ACE48399DC7}"
EndProject
Project("{FAE04EC0-301F-11D3-BF4B-00C04F79EFBC}") = "VRMShaders.GLTF.UniUnlit.Editor", "VRMShaders.GLTF.UniUnlit.Editor.csproj", "{FA656183-DDE0-EDBA-056E-D12D6785AB7F}"
EndProject
Project("{FAE04EC0-301F-11D3-BF4B-00C04F79EFBC}") = "lilToon.Editor", "lilToon.Editor.csproj", "{2659194B-1C3F-ABDA-FEA3-B06114B432DD}"
EndProject
Project("{FAE04EC0-301F-11D3-BF4B-00C04F79EFBC}") = "VRMShaders.VRM10.MToon10.Editor", "VRMShaders.VRM10.MToon10.Editor.csproj", "{403C073B-48FA-89B7-6496-064497DF0111}"
EndProject
Project("{FAE04EC0-301F-11D3-BF4B-00C04F79EFBC}") = "VRMShaders.GLTF.IO.Editor", "VRMShaders.GLTF.IO.Editor.csproj", "{CFC24CAF-EABB-C2CC-3195-86BC9BA5331C}"
EndProject
Project("{FAE04EC0-301F-11D3-BF4B-00C04F79EFBC}") = "lilToon.Editor.External", "lilToon.Editor.External.csproj", "{F14193E5-9F66-1A09-FCD8-69583CD0D456}"
EndProject
Project("{FAE04EC0-301F-11D3-BF4B-00C04F79EFBC}") = "Unity.UniversalToonShader.Urp.Editor", "Unity.UniversalToonShader.Urp.Editor.csproj", "{5845F746-4CB3-B3E0-8BFB-F8A2E3800B00}"
EndProject
Project("{FAE04EC0-301F-11D3-BF4B-00C04F79EFBC}") = "MToon.Editor", "MToon.Editor.csproj", "{2C1C8DF9-3098-2898-61DB-829AA591801D}"
EndProject
Project("{FAE04EC0-301F-11D3-BF4B-00C04F79EFBC}") = "VRMShaders.VRM10.MToon10.Tests", "VRMShaders.VRM10.MToon10.Tests.csproj", "{71365C99-5826-135F-C71D-A4BD1E2A6D74}"
EndProject
Global
	GlobalSection(SolutionConfigurationPlatforms) = preSolution
		Debug|Any CPU = Debug|Any CPU
		Release|Any CPU = Release|Any CPU
	EndGlobalSection
	GlobalSection(ProjectConfigurationPlatforms) = postSolution
		{1854DB31-09B9-1FC5-36DB-157779FB7A32}.Debug|Any CPU.ActiveCfg = Debug|Any CPU
		{1854DB31-09B9-1FC5-36DB-157779FB7A32}.Debug|Any CPU.Build.0 = Debug|Any CPU
		{1854DB31-09B9-1FC5-36DB-157779FB7A32}.Release|Any CPU.ActiveCfg = Release|Any CPU
		{1854DB31-09B9-1FC5-36DB-157779FB7A32}.Release|Any CPU.Build.0 = Release|Any CPU
		{BC762239-9D91-3EAB-F324-08CBAD23E9E2}.Debug|Any CPU.ActiveCfg = Debug|Any CPU
		{BC762239-9D91-3EAB-F324-08CBAD23E9E2}.Debug|Any CPU.Build.0 = Debug|Any CPU
		{BC762239-9D91-3EAB-F324-08CBAD23E9E2}.Release|Any CPU.ActiveCfg = Release|Any CPU
		{BC762239-9D91-3EAB-F324-08CBAD23E9E2}.Release|Any CPU.Build.0 = Release|Any CPU
		{09D739A3-31DC-D9F2-408E-6812DD7448EA}.Debug|Any CPU.ActiveCfg = Debug|Any CPU
		{09D739A3-31DC-D9F2-408E-6812DD7448EA}.Debug|Any CPU.Build.0 = Debug|Any CPU
		{09D739A3-31DC-D9F2-408E-6812DD7448EA}.Release|Any CPU.ActiveCfg = Release|Any CPU
		{09D739A3-31DC-D9F2-408E-6812DD7448EA}.Release|Any CPU.Build.0 = Release|Any CPU
		{4450AD91-356A-0B4F-13ED-5A050C667998}.Debug|Any CPU.ActiveCfg = Debug|Any CPU
		{4450AD91-356A-0B4F-13ED-5A050C667998}.Debug|Any CPU.Build.0 = Debug|Any CPU
		{4450AD91-356A-0B4F-13ED-5A050C667998}.Release|Any CPU.ActiveCfg = Release|Any CPU
		{4450AD91-356A-0B4F-13ED-5A050C667998}.Release|Any CPU.Build.0 = Release|Any CPU
		{36400885-B28C-A923-C4E3-89776869B046}.Debug|Any CPU.ActiveCfg = Debug|Any CPU
		{36400885-B28C-A923-C4E3-89776869B046}.Debug|Any CPU.Build.0 = Debug|Any CPU
		{36400885-B28C-A923-C4E3-89776869B046}.Release|Any CPU.ActiveCfg = Release|Any CPU
		{36400885-B28C-A923-C4E3-89776869B046}.Release|Any CPU.Build.0 = Release|Any CPU
		{D8F08F8E-D62E-F52E-3A7D-DC3BF1DDCA13}.Debug|Any CPU.ActiveCfg = Debug|Any CPU
		{D8F08F8E-D62E-F52E-3A7D-DC3BF1DDCA13}.Debug|Any CPU.Build.0 = Debug|Any CPU
		{D8F08F8E-D62E-F52E-3A7D-DC3BF1DDCA13}.Release|Any CPU.ActiveCfg = Release|Any CPU
		{D8F08F8E-D62E-F52E-3A7D-DC3BF1DDCA13}.Release|Any CPU.Build.0 = Release|Any CPU
		{426F2EAC-8E1F-0A8F-793B-FC527A785CDD}.Debug|Any CPU.ActiveCfg = Debug|Any CPU
		{426F2EAC-8E1F-0A8F-793B-FC527A785CDD}.Debug|Any CPU.Build.0 = Debug|Any CPU
		{426F2EAC-8E1F-0A8F-793B-FC527A785CDD}.Release|Any CPU.ActiveCfg = Release|Any CPU
		{426F2EAC-8E1F-0A8F-793B-FC527A785CDD}.Release|Any CPU.Build.0 = Release|Any CPU
		{682A1E6C-8196-C4E9-E9FA-A9EAC2CAA1A4}.Debug|Any CPU.ActiveCfg = Debug|Any CPU
		{682A1E6C-8196-C4E9-E9FA-A9EAC2CAA1A4}.Debug|Any CPU.Build.0 = Debug|Any CPU
		{682A1E6C-8196-C4E9-E9FA-A9EAC2CAA1A4}.Release|Any CPU.ActiveCfg = Release|Any CPU
		{682A1E6C-8196-C4E9-E9FA-A9EAC2CAA1A4}.Release|Any CPU.Build.0 = Release|Any CPU
		{A4630737-D476-6083-AAD5-207DE1BEA348}.Debug|Any CPU.ActiveCfg = Debug|Any CPU
		{A4630737-D476-6083-AAD5-207DE1BEA348}.Debug|Any CPU.Build.0 = Debug|Any CPU
		{A4630737-D476-6083-AAD5-207DE1BEA348}.Release|Any CPU.ActiveCfg = Release|Any CPU
		{A4630737-D476-6083-AAD5-207DE1BEA348}.Release|Any CPU.Build.0 = Release|Any CPU
		{62EDF039-DA7E-33EA-2EC8-27ADC6732459}.Debug|Any CPU.ActiveCfg = Debug|Any CPU
		{62EDF039-DA7E-33EA-2EC8-27ADC6732459}.Debug|Any CPU.Build.0 = Debug|Any CPU
		{62EDF039-DA7E-33EA-2EC8-27ADC6732459}.Release|Any CPU.ActiveCfg = Release|Any CPU
		{62EDF039-DA7E-33EA-2EC8-27ADC6732459}.Release|Any CPU.Build.0 = Release|Any CPU
		{FBE6B292-3561-9D5A-F161-8E472A32AB9F}.Debug|Any CPU.ActiveCfg = Debug|Any CPU
		{FBE6B292-3561-9D5A-F161-8E472A32AB9F}.Debug|Any CPU.Build.0 = Debug|Any CPU
		{FBE6B292-3561-9D5A-F161-8E472A32AB9F}.Release|Any CPU.ActiveCfg = Release|Any CPU
		{FBE6B292-3561-9D5A-F161-8E472A32AB9F}.Release|Any CPU.Build.0 = Release|Any CPU
		{84980644-854D-6EA8-923C-D26EC91DDBD3}.Debug|Any CPU.ActiveCfg = Debug|Any CPU
		{84980644-854D-6EA8-923C-D26EC91DDBD3}.Debug|Any CPU.Build.0 = Debug|Any CPU
		{84980644-854D-6EA8-923C-D26EC91DDBD3}.Release|Any CPU.ActiveCfg = Release|Any CPU
		{84980644-854D-6EA8-923C-D26EC91DDBD3}.Release|Any CPU.Build.0 = Release|Any CPU
		{09B3A775-7145-D414-329B-8211956927AC}.Debug|Any CPU.ActiveCfg = Debug|Any CPU
		{09B3A775-7145-D414-329B-8211956927AC}.Debug|Any CPU.Build.0 = Debug|Any CPU
		{09B3A775-7145-D414-329B-8211956927AC}.Release|Any CPU.ActiveCfg = Release|Any CPU
		{09B3A775-7145-D414-329B-8211956927AC}.Release|Any CPU.Build.0 = Release|Any CPU
		{C9D42F06-84FA-A99A-2359-9DF01D5A7EAE}.Debug|Any CPU.ActiveCfg = Debug|Any CPU
		{C9D42F06-84FA-A99A-2359-9DF01D5A7EAE}.Debug|Any CPU.Build.0 = Debug|Any CPU
		{C9D42F06-84FA-A99A-2359-9DF01D5A7EAE}.Release|Any CPU.ActiveCfg = Release|Any CPU
		{C9D42F06-84FA-A99A-2359-9DF01D5A7EAE}.Release|Any CPU.Build.0 = Release|Any CPU
		{EB7457A9-A8C2-80E5-207F-D95BDD59DCCE}.Debug|Any CPU.ActiveCfg = Debug|Any CPU
		{EB7457A9-A8C2-80E5-207F-D95BDD59DCCE}.Debug|Any CPU.Build.0 = Debug|Any CPU
		{EB7457A9-A8C2-80E5-207F-D95BDD59DCCE}.Release|Any CPU.ActiveCfg = Release|Any CPU
		{EB7457A9-A8C2-80E5-207F-D95BDD59DCCE}.Release|Any CPU.Build.0 = Release|Any CPU
		{ACC04F58-0A64-E2E1-512E-C6685F1ECD98}.Debug|Any CPU.ActiveCfg = Debug|Any CPU
		{ACC04F58-0A64-E2E1-512E-C6685F1ECD98}.Debug|Any CPU.Build.0 = Debug|Any CPU
		{ACC04F58-0A64-E2E1-512E-C6685F1ECD98}.Release|Any CPU.ActiveCfg = Release|Any CPU
		{ACC04F58-0A64-E2E1-512E-C6685F1ECD98}.Release|Any CPU.Build.0 = Release|Any CPU
		{29A62671-78C2-A0FC-FC6F-E6F07134B024}.Debug|Any CPU.ActiveCfg = Debug|Any CPU
		{29A62671-78C2-A0FC-FC6F-E6F07134B024}.Debug|Any CPU.Build.0 = Debug|Any CPU
		{29A62671-78C2-A0FC-FC6F-E6F07134B024}.Release|Any CPU.ActiveCfg = Release|Any CPU
		{29A62671-78C2-A0FC-FC6F-E6F07134B024}.Release|Any CPU.Build.0 = Release|Any CPU
		{D8C862C5-BBBD-F0CD-4267-EE4059F75D75}.Debug|Any CPU.ActiveCfg = Debug|Any CPU
		{D8C862C5-BBBD-F0CD-4267-EE4059F75D75}.Debug|Any CPU.Build.0 = Debug|Any CPU
		{D8C862C5-BBBD-F0CD-4267-EE4059F75D75}.Release|Any CPU.ActiveCfg = Release|Any CPU
		{D8C862C5-BBBD-F0CD-4267-EE4059F75D75}.Release|Any CPU.Build.0 = Release|Any CPU
		{2DB4A912-057F-06D3-7AA7-6D443E5CAA43}.Debug|Any CPU.ActiveCfg = Debug|Any CPU
		{2DB4A912-057F-06D3-7AA7-6D443E5CAA43}.Debug|Any CPU.Build.0 = Debug|Any CPU
		{2DB4A912-057F-06D3-7AA7-6D443E5CAA43}.Release|Any CPU.ActiveCfg = Release|Any CPU
		{2DB4A912-057F-06D3-7AA7-6D443E5CAA43}.Release|Any CPU.Build.0 = Release|Any CPU
		{57E02E72-DA87-1812-4C0A-B6D5A81F802D}.Debug|Any CPU.ActiveCfg = Debug|Any CPU
		{57E02E72-DA87-1812-4C0A-B6D5A81F802D}.Debug|Any CPU.Build.0 = Debug|Any CPU
		{57E02E72-DA87-1812-4C0A-B6D5A81F802D}.Release|Any CPU.ActiveCfg = Release|Any CPU
		{57E02E72-DA87-1812-4C0A-B6D5A81F802D}.Release|Any CPU.Build.0 = Release|Any CPU
		{0A35EA5D-3851-2BB6-5D70-24E150CE8672}.Debug|Any CPU.ActiveCfg = Debug|Any CPU
		{0A35EA5D-3851-2BB6-5D70-24E150CE8672}.Debug|Any CPU.Build.0 = Debug|Any CPU
		{0A35EA5D-3851-2BB6-5D70-24E150CE8672}.Release|Any CPU.ActiveCfg = Release|Any CPU
		{0A35EA5D-3851-2BB6-5D70-24E150CE8672}.Release|Any CPU.Build.0 = Release|Any CPU
		{2B205934-F5D2-D20C-711F-C88A6018B486}.Debug|Any CPU.ActiveCfg = Debug|Any CPU
		{2B205934-F5D2-D20C-711F-C88A6018B486}.Debug|Any CPU.Build.0 = Debug|Any CPU
		{2B205934-F5D2-D20C-711F-C88A6018B486}.Release|Any CPU.ActiveCfg = Release|Any CPU
		{2B205934-F5D2-D20C-711F-C88A6018B486}.Release|Any CPU.Build.0 = Release|Any CPU
		{15C8A44C-37DD-99C7-9F23-C5C2508A5F9C}.Debug|Any CPU.ActiveCfg = Debug|Any CPU
		{15C8A44C-37DD-99C7-9F23-C5C2508A5F9C}.Debug|Any CPU.Build.0 = Debug|Any CPU
		{15C8A44C-37DD-99C7-9F23-C5C2508A5F9C}.Release|Any CPU.ActiveCfg = Release|Any CPU
		{15C8A44C-37DD-99C7-9F23-C5C2508A5F9C}.Release|Any CPU.Build.0 = Release|Any CPU
		{456DB6AF-6183-5787-5E2B-7E679B083BE1}.Debug|Any CPU.ActiveCfg = Debug|Any CPU
		{456DB6AF-6183-5787-5E2B-7E679B083BE1}.Debug|Any CPU.Build.0 = Debug|Any CPU
		{456DB6AF-6183-5787-5E2B-7E679B083BE1}.Release|Any CPU.ActiveCfg = Release|Any CPU
		{456DB6AF-6183-5787-5E2B-7E679B083BE1}.Release|Any CPU.Build.0 = Release|Any CPU
		{9A728418-2690-FABC-9986-77F30AB67732}.Debug|Any CPU.ActiveCfg = Debug|Any CPU
		{9A728418-2690-FABC-9986-77F30AB67732}.Debug|Any CPU.Build.0 = Debug|Any CPU
		{9A728418-2690-FABC-9986-77F30AB67732}.Release|Any CPU.ActiveCfg = Release|Any CPU
		{9A728418-2690-FABC-9986-77F30AB67732}.Release|Any CPU.Build.0 = Release|Any CPU
		{E1EF07B9-BFA8-023F-A1BA-0ACE48399DC7}.Debug|Any CPU.ActiveCfg = Debug|Any CPU
		{E1EF07B9-BFA8-023F-A1BA-0ACE48399DC7}.Debug|Any CPU.Build.0 = Debug|Any CPU
		{E1EF07B9-BFA8-023F-A1BA-0ACE48399DC7}.Release|Any CPU.ActiveCfg = Release|Any CPU
		{E1EF07B9-BFA8-023F-A1BA-0ACE48399DC7}.Release|Any CPU.Build.0 = Release|Any CPU
		{FA656183-DDE0-EDBA-056E-D12D6785AB7F}.Debug|Any CPU.ActiveCfg = Debug|Any CPU
		{FA656183-DDE0-EDBA-056E-D12D6785AB7F}.Debug|Any CPU.Build.0 = Debug|Any CPU
		{FA656183-DDE0-EDBA-056E-D12D6785AB7F}.Release|Any CPU.ActiveCfg = Release|Any CPU
		{FA656183-DDE0-EDBA-056E-D12D6785AB7F}.Release|Any CPU.Build.0 = Release|Any CPU
		{2659194B-1C3F-ABDA-FEA3-B06114B432DD}.Debug|Any CPU.ActiveCfg = Debug|Any CPU
		{2659194B-1C3F-ABDA-FEA3-B06114B432DD}.Debug|Any CPU.Build.0 = Debug|Any CPU
		{2659194B-1C3F-ABDA-FEA3-B06114B432DD}.Release|Any CPU.ActiveCfg = Release|Any CPU
		{2659194B-1C3F-ABDA-FEA3-B06114B432DD}.Release|Any CPU.Build.0 = Release|Any CPU
		{403C073B-48FA-89B7-6496-064497DF0111}.Debug|Any CPU.ActiveCfg = Debug|Any CPU
		{403C073B-48FA-89B7-6496-064497DF0111}.Debug|Any CPU.Build.0 = Debug|Any CPU
		{403C073B-48FA-89B7-6496-064497DF0111}.Release|Any CPU.ActiveCfg = Release|Any CPU
		{403C073B-48FA-89B7-6496-064497DF0111}.Release|Any CPU.Build.0 = Release|Any CPU
		{CFC24CAF-EABB-C2CC-3195-86BC9BA5331C}.Debug|Any CPU.ActiveCfg = Debug|Any CPU
		{CFC24CAF-EABB-C2CC-3195-86BC9BA5331C}.Debug|Any CPU.Build.0 = Debug|Any CPU
		{CFC24CAF-EABB-C2CC-3195-86BC9BA5331C}.Release|Any CPU.ActiveCfg = Release|Any CPU
		{CFC24CAF-EABB-C2CC-3195-86BC9BA5331C}.Release|Any CPU.Build.0 = Release|Any CPU
		{F14193E5-9F66-1A09-FCD8-69583CD0D456}.Debug|Any CPU.ActiveCfg = Debug|Any CPU
		{F14193E5-9F66-1A09-FCD8-69583CD0D456}.Debug|Any CPU.Build.0 = Debug|Any CPU
		{F14193E5-9F66-1A09-FCD8-69583CD0D456}.Release|Any CPU.ActiveCfg = Release|Any CPU
		{F14193E5-9F66-1A09-FCD8-69583CD0D456}.Release|Any CPU.Build.0 = Release|Any CPU
		{5845F746-4CB3-B3E0-8BFB-F8A2E3800B00}.Debug|Any CPU.ActiveCfg = Debug|Any CPU
		{5845F746-4CB3-B3E0-8BFB-F8A2E3800B00}.Debug|Any CPU.Build.0 = Debug|Any CPU
		{5845F746-4CB3-B3E0-8BFB-F8A2E3800B00}.Release|Any CPU.ActiveCfg = Release|Any CPU
		{5845F746-4CB3-B3E0-8BFB-F8A2E3800B00}.Release|Any CPU.Build.0 = Release|Any CPU
		{2C1C8DF9-3098-2898-61DB-829AA591801D}.Debug|Any CPU.ActiveCfg = Debug|Any CPU
		{2C1C8DF9-3098-2898-61DB-829AA591801D}.Debug|Any CPU.Build.0 = Debug|Any CPU
		{2C1C8DF9-3098-2898-61DB-829AA591801D}.Release|Any CPU.ActiveCfg = Release|Any CPU
		{2C1C8DF9-3098-2898-61DB-829AA591801D}.Release|Any CPU.Build.0 = Release|Any CPU
		{71365C99-5826-135F-C71D-A4BD1E2A6D74}.Debug|Any CPU.ActiveCfg = Debug|Any CPU
		{71365C99-5826-135F-C71D-A4BD1E2A6D74}.Debug|Any CPU.Build.0 = Debug|Any CPU
		{71365C99-5826-135F-C71D-A4BD1E2A6D74}.Release|Any CPU.ActiveCfg = Release|Any CPU
		{71365C99-5826-135F-C71D-A4BD1E2A6D74}.Release|Any CPU.Build.0 = Release|Any CPU
	EndGlobalSection
	GlobalSection(SolutionProperties) = preSolution
		HideSolutionNode = FALSE
	EndGlobalSection
EndGlobal
