
Microsoft Visual Studio Solution File, Format Version 12.00
# Visual Studio 15
Project("{FAE04EC0-301F-11D3-BF4B-00C04F79EFBC}") = "Assembly-CSharp", "Assembly-CSharp.csproj", "{6DFCBE4C-1F7F-0B6A-691B-AC8BC434DFBD}"
EndProject
Project("{FAE04EC0-301F-11D3-BF4B-00C04F79EFBC}") = "GameSystem", "GameSystem.csproj", "{4D6C814B-F36A-9691-9760-52A6C3162317}"
EndProject
Project("{FAE04EC0-301F-11D3-BF4B-00C04F79EFBC}") = "Util", "Util.csproj", "{B942625C-D4D0-F145-C2B9-3BA574264275}"
EndProject
Project("{FAE04EC0-301F-11D3-BF4B-00C04F79EFBC}") = "Weapons", "Weapons.csproj", "{509E672D-2E6C-CCE1-BBDA-683D57D585FC}"
EndProject
Project("{FAE04EC0-301F-11D3-BF4B-00C04F79EFBC}") = "Player", "Player.csproj", "{C2D2E633-F7E1-61BB-F278-8F995F5AFAAA}"
EndProject
Project("{FAE04EC0-301F-11D3-BF4B-00C04F79EFBC}") = "Data", "Data.csproj", "{24AD5F39-0D08-23D4-A460-FFD57DAD9C4D}"
EndProject
Project("{FAE04EC0-301F-11D3-BF4B-00C04F79EFBC}") = "Basics", "Basics.csproj", "{A4F66496-C0C0-BA0F-6FAA-EE39E4EC2F9C}"
EndProject
Project("{FAE04EC0-301F-11D3-BF4B-00C04F79EFBC}") = "Health", "Health.csproj", "{915999BA-009D-3972-7170-33D6D9976A81}"
EndProject
Project("{FAE04EC0-301F-11D3-BF4B-00C04F79EFBC}") = "MToon", "MToon.csproj", "{BBCBDBC6-20D8-13FD-69EC-51F0CFF8ACD7}"
EndProject
Project("{FAE04EC0-301F-11D3-BF4B-00C04F79EFBC}") = "Items", "Items.csproj", "{11E21679-CC7B-0504-8FB0-D2155DD9179C}"
EndProject
Project("{FAE04EC0-301F-11D3-BF4B-00C04F79EFBC}") = "Debug", "Debug.csproj", "{973A3842-033F-5C87-B263-20ADFFEDED3B}"
EndProject
Project("{FAE04EC0-301F-11D3-BF4B-00C04F79EFBC}") = "SerializableDictionary", "SerializableDictionary.csproj", "{58AD9727-2BBC-B525-53E6-782C60ED827A}"
EndProject
Project("{FAE04EC0-301F-11D3-BF4B-00C04F79EFBC}") = "Interaction", "Interaction.csproj", "{BEDC0D02-BE95-7014-79E5-99B2F3FBC313}"
EndProject
Project("{FAE04EC0-301F-11D3-BF4B-00C04F79EFBC}") = "Camera", "Camera.csproj", "{CA8D78E5-0A47-232F-0CF6-7A9AC2951D8D}"
EndProject
Project("{FAE04EC0-301F-11D3-BF4B-00C04F79EFBC}") = "CustomPostFX", "CustomPostFX.csproj", "{05D9CE10-DC05-ADAC-E8A9-B17CC9EFFB4B}"
EndProject
Project("{FAE04EC0-301F-11D3-BF4B-00C04F79EFBC}") = "UtilUniTask", "UtilUniTask.csproj", "{7AF5C0EE-2EA9-463C-8ED8-A7FCBA2EE2BB}"
EndProject
Project("{FAE04EC0-301F-11D3-BF4B-00C04F79EFBC}") = "UtilInput", "UtilInput.csproj", "{932CC68C-09E2-A460-B91A-8A8AD60A809F}"
EndProject
Project("{FAE04EC0-301F-11D3-BF4B-00C04F79EFBC}") = "WFC_proto", "WFC_proto.csproj", "{338B4E4A-F9E7-DA4F-BB8E-CF0C5E709450}"
EndProject
Project("{FAE04EC0-301F-11D3-BF4B-00C04F79EFBC}") = "Enemy", "Enemy.csproj", "{AB155D45-D012-2CE2-FA61-94C646862195}"
EndProject
Project("{FAE04EC0-301F-11D3-BF4B-00C04F79EFBC}") = "Assembly-CSharp-Editor", "Assembly-CSharp-Editor.csproj", "{66D831B9-3C86-DF15-00E3-3560215FACAD}"
EndProject
Project("{FAE04EC0-301F-11D3-BF4B-00C04F79EFBC}") = "MToon.Editor", "MToon.Editor.csproj", "{7DC2DD98-E0A2-A5B1-56C8-E6DB49345D72}"
EndProject
Project("{FAE04EC0-301F-11D3-BF4B-00C04F79EFBC}") = "lilToon.Editor", "lilToon.Editor.csproj", "{02285D93-60F4-45C1-7307-89C15E918CA7}"
EndProject
Project("{FAE04EC0-301F-11D3-BF4B-00C04F79EFBC}") = "lilToon.Editor.External", "lilToon.Editor.External.csproj", "{AAC19A5F-AD82-4547-C43E-E20BF222078F}"
EndProject
Project("{FAE04EC0-301F-11D3-BF4B-00C04F79EFBC}") = "Unity.UniversalToonShader.Urp.Editor", "Unity.UniversalToonShader.Urp.Editor.csproj", "{52AC3E94-6E3B-DCC2-3D9A-1B27A4D9C1B0}"
EndProject
Global
	GlobalSection(SolutionConfigurationPlatforms) = preSolution
		Debug|Any CPU = Debug|Any CPU
		Release|Any CPU = Release|Any CPU
	EndGlobalSection
	GlobalSection(ProjectConfigurationPlatforms) = postSolution
		{6DFCBE4C-1F7F-0B6A-691B-AC8BC434DFBD}.Debug|Any CPU.ActiveCfg = Debug|Any CPU
		{6DFCBE4C-1F7F-0B6A-691B-AC8BC434DFBD}.Debug|Any CPU.Build.0 = Debug|Any CPU
		{6DFCBE4C-1F7F-0B6A-691B-AC8BC434DFBD}.Release|Any CPU.ActiveCfg = Release|Any CPU
		{6DFCBE4C-1F7F-0B6A-691B-AC8BC434DFBD}.Release|Any CPU.Build.0 = Release|Any CPU
		{4D6C814B-F36A-9691-9760-52A6C3162317}.Debug|Any CPU.ActiveCfg = Debug|Any CPU
		{4D6C814B-F36A-9691-9760-52A6C3162317}.Debug|Any CPU.Build.0 = Debug|Any CPU
		{4D6C814B-F36A-9691-9760-52A6C3162317}.Release|Any CPU.ActiveCfg = Release|Any CPU
		{4D6C814B-F36A-9691-9760-52A6C3162317}.Release|Any CPU.Build.0 = Release|Any CPU
		{B942625C-D4D0-F145-C2B9-3BA574264275}.Debug|Any CPU.ActiveCfg = Debug|Any CPU
		{B942625C-D4D0-F145-C2B9-3BA574264275}.Debug|Any CPU.Build.0 = Debug|Any CPU
		{B942625C-D4D0-F145-C2B9-3BA574264275}.Release|Any CPU.ActiveCfg = Release|Any CPU
		{B942625C-D4D0-F145-C2B9-3BA574264275}.Release|Any CPU.Build.0 = Release|Any CPU
		{509E672D-2E6C-CCE1-BBDA-683D57D585FC}.Debug|Any CPU.ActiveCfg = Debug|Any CPU
		{509E672D-2E6C-CCE1-BBDA-683D57D585FC}.Debug|Any CPU.Build.0 = Debug|Any CPU
		{509E672D-2E6C-CCE1-BBDA-683D57D585FC}.Release|Any CPU.ActiveCfg = Release|Any CPU
		{509E672D-2E6C-CCE1-BBDA-683D57D585FC}.Release|Any CPU.Build.0 = Release|Any CPU
		{C2D2E633-F7E1-61BB-F278-8F995F5AFAAA}.Debug|Any CPU.ActiveCfg = Debug|Any CPU
		{C2D2E633-F7E1-61BB-F278-8F995F5AFAAA}.Debug|Any CPU.Build.0 = Debug|Any CPU
		{C2D2E633-F7E1-61BB-F278-8F995F5AFAAA}.Release|Any CPU.ActiveCfg = Release|Any CPU
		{C2D2E633-F7E1-61BB-F278-8F995F5AFAAA}.Release|Any CPU.Build.0 = Release|Any CPU
		{24AD5F39-0D08-23D4-A460-FFD57DAD9C4D}.Debug|Any CPU.ActiveCfg = Debug|Any CPU
		{24AD5F39-0D08-23D4-A460-FFD57DAD9C4D}.Debug|Any CPU.Build.0 = Debug|Any CPU
		{24AD5F39-0D08-23D4-A460-FFD57DAD9C4D}.Release|Any CPU.ActiveCfg = Release|Any CPU
		{24AD5F39-0D08-23D4-A460-FFD57DAD9C4D}.Release|Any CPU.Build.0 = Release|Any CPU
		{A4F66496-C0C0-BA0F-6FAA-EE39E4EC2F9C}.Debug|Any CPU.ActiveCfg = Debug|Any CPU
		{A4F66496-C0C0-BA0F-6FAA-EE39E4EC2F9C}.Debug|Any CPU.Build.0 = Debug|Any CPU
		{A4F66496-C0C0-BA0F-6FAA-EE39E4EC2F9C}.Release|Any CPU.ActiveCfg = Release|Any CPU
		{A4F66496-C0C0-BA0F-6FAA-EE39E4EC2F9C}.Release|Any CPU.Build.0 = Release|Any CPU
		{915999BA-009D-3972-7170-33D6D9976A81}.Debug|Any CPU.ActiveCfg = Debug|Any CPU
		{915999BA-009D-3972-7170-33D6D9976A81}.Debug|Any CPU.Build.0 = Debug|Any CPU
		{915999BA-009D-3972-7170-33D6D9976A81}.Release|Any CPU.ActiveCfg = Release|Any CPU
		{915999BA-009D-3972-7170-33D6D9976A81}.Release|Any CPU.Build.0 = Release|Any CPU
		{BBCBDBC6-20D8-13FD-69EC-51F0CFF8ACD7}.Debug|Any CPU.ActiveCfg = Debug|Any CPU
		{BBCBDBC6-20D8-13FD-69EC-51F0CFF8ACD7}.Debug|Any CPU.Build.0 = Debug|Any CPU
		{BBCBDBC6-20D8-13FD-69EC-51F0CFF8ACD7}.Release|Any CPU.ActiveCfg = Release|Any CPU
		{BBCBDBC6-20D8-13FD-69EC-51F0CFF8ACD7}.Release|Any CPU.Build.0 = Release|Any CPU
		{11E21679-CC7B-0504-8FB0-D2155DD9179C}.Debug|Any CPU.ActiveCfg = Debug|Any CPU
		{11E21679-CC7B-0504-8FB0-D2155DD9179C}.Debug|Any CPU.Build.0 = Debug|Any CPU
		{11E21679-CC7B-0504-8FB0-D2155DD9179C}.Release|Any CPU.ActiveCfg = Release|Any CPU
		{11E21679-CC7B-0504-8FB0-D2155DD9179C}.Release|Any CPU.Build.0 = Release|Any CPU
		{973A3842-033F-5C87-B263-20ADFFEDED3B}.Debug|Any CPU.ActiveCfg = Debug|Any CPU
		{973A3842-033F-5C87-B263-20ADFFEDED3B}.Debug|Any CPU.Build.0 = Debug|Any CPU
		{973A3842-033F-5C87-B263-20ADFFEDED3B}.Release|Any CPU.ActiveCfg = Release|Any CPU
		{973A3842-033F-5C87-B263-20ADFFEDED3B}.Release|Any CPU.Build.0 = Release|Any CPU
		{58AD9727-2BBC-B525-53E6-782C60ED827A}.Debug|Any CPU.ActiveCfg = Debug|Any CPU
		{58AD9727-2BBC-B525-53E6-782C60ED827A}.Debug|Any CPU.Build.0 = Debug|Any CPU
		{58AD9727-2BBC-B525-53E6-782C60ED827A}.Release|Any CPU.ActiveCfg = Release|Any CPU
		{58AD9727-2BBC-B525-53E6-782C60ED827A}.Release|Any CPU.Build.0 = Release|Any CPU
		{BEDC0D02-BE95-7014-79E5-99B2F3FBC313}.Debug|Any CPU.ActiveCfg = Debug|Any CPU
		{BEDC0D02-BE95-7014-79E5-99B2F3FBC313}.Debug|Any CPU.Build.0 = Debug|Any CPU
		{BEDC0D02-BE95-7014-79E5-99B2F3FBC313}.Release|Any CPU.ActiveCfg = Release|Any CPU
		{BEDC0D02-BE95-7014-79E5-99B2F3FBC313}.Release|Any CPU.Build.0 = Release|Any CPU
		{CA8D78E5-0A47-232F-0CF6-7A9AC2951D8D}.Debug|Any CPU.ActiveCfg = Debug|Any CPU
		{CA8D78E5-0A47-232F-0CF6-7A9AC2951D8D}.Debug|Any CPU.Build.0 = Debug|Any CPU
		{CA8D78E5-0A47-232F-0CF6-7A9AC2951D8D}.Release|Any CPU.ActiveCfg = Release|Any CPU
		{CA8D78E5-0A47-232F-0CF6-7A9AC2951D8D}.Release|Any CPU.Build.0 = Release|Any CPU
		{05D9CE10-DC05-ADAC-E8A9-B17CC9EFFB4B}.Debug|Any CPU.ActiveCfg = Debug|Any CPU
		{05D9CE10-DC05-ADAC-E8A9-B17CC9EFFB4B}.Debug|Any CPU.Build.0 = Debug|Any CPU
		{05D9CE10-DC05-ADAC-E8A9-B17CC9EFFB4B}.Release|Any CPU.ActiveCfg = Release|Any CPU
		{05D9CE10-DC05-ADAC-E8A9-B17CC9EFFB4B}.Release|Any CPU.Build.0 = Release|Any CPU
		{7AF5C0EE-2EA9-463C-8ED8-A7FCBA2EE2BB}.Debug|Any CPU.ActiveCfg = Debug|Any CPU
		{7AF5C0EE-2EA9-463C-8ED8-A7FCBA2EE2BB}.Debug|Any CPU.Build.0 = Debug|Any CPU
		{7AF5C0EE-2EA9-463C-8ED8-A7FCBA2EE2BB}.Release|Any CPU.ActiveCfg = Release|Any CPU
		{7AF5C0EE-2EA9-463C-8ED8-A7FCBA2EE2BB}.Release|Any CPU.Build.0 = Release|Any CPU
		{932CC68C-09E2-A460-B91A-8A8AD60A809F}.Debug|Any CPU.ActiveCfg = Debug|Any CPU
		{932CC68C-09E2-A460-B91A-8A8AD60A809F}.Debug|Any CPU.Build.0 = Debug|Any CPU
		{932CC68C-09E2-A460-B91A-8A8AD60A809F}.Release|Any CPU.ActiveCfg = Release|Any CPU
		{932CC68C-09E2-A460-B91A-8A8AD60A809F}.Release|Any CPU.Build.0 = Release|Any CPU
		{338B4E4A-F9E7-DA4F-BB8E-CF0C5E709450}.Debug|Any CPU.ActiveCfg = Debug|Any CPU
		{338B4E4A-F9E7-DA4F-BB8E-CF0C5E709450}.Debug|Any CPU.Build.0 = Debug|Any CPU
		{338B4E4A-F9E7-DA4F-BB8E-CF0C5E709450}.Release|Any CPU.ActiveCfg = Release|Any CPU
		{338B4E4A-F9E7-DA4F-BB8E-CF0C5E709450}.Release|Any CPU.Build.0 = Release|Any CPU
		{AB155D45-D012-2CE2-FA61-94C646862195}.Debug|Any CPU.ActiveCfg = Debug|Any CPU
		{AB155D45-D012-2CE2-FA61-94C646862195}.Debug|Any CPU.Build.0 = Debug|Any CPU
		{AB155D45-D012-2CE2-FA61-94C646862195}.Release|Any CPU.ActiveCfg = Release|Any CPU
		{AB155D45-D012-2CE2-FA61-94C646862195}.Release|Any CPU.Build.0 = Release|Any CPU
		{66D831B9-3C86-DF15-00E3-3560215FACAD}.Debug|Any CPU.ActiveCfg = Debug|Any CPU
		{66D831B9-3C86-DF15-00E3-3560215FACAD}.Debug|Any CPU.Build.0 = Debug|Any CPU
		{66D831B9-3C86-DF15-00E3-3560215FACAD}.Release|Any CPU.ActiveCfg = Release|Any CPU
		{66D831B9-3C86-DF15-00E3-3560215FACAD}.Release|Any CPU.Build.0 = Release|Any CPU
		{7DC2DD98-E0A2-A5B1-56C8-E6DB49345D72}.Debug|Any CPU.ActiveCfg = Debug|Any CPU
		{7DC2DD98-E0A2-A5B1-56C8-E6DB49345D72}.Debug|Any CPU.Build.0 = Debug|Any CPU
		{7DC2DD98-E0A2-A5B1-56C8-E6DB49345D72}.Release|Any CPU.ActiveCfg = Release|Any CPU
		{7DC2DD98-E0A2-A5B1-56C8-E6DB49345D72}.Release|Any CPU.Build.0 = Release|Any CPU
		{02285D93-60F4-45C1-7307-89C15E918CA7}.Debug|Any CPU.ActiveCfg = Debug|Any CPU
		{02285D93-60F4-45C1-7307-89C15E918CA7}.Debug|Any CPU.Build.0 = Debug|Any CPU
		{02285D93-60F4-45C1-7307-89C15E918CA7}.Release|Any CPU.ActiveCfg = Release|Any CPU
		{02285D93-60F4-45C1-7307-89C15E918CA7}.Release|Any CPU.Build.0 = Release|Any CPU
		{AAC19A5F-AD82-4547-C43E-E20BF222078F}.Debug|Any CPU.ActiveCfg = Debug|Any CPU
		{AAC19A5F-AD82-4547-C43E-E20BF222078F}.Debug|Any CPU.Build.0 = Debug|Any CPU
		{AAC19A5F-AD82-4547-C43E-E20BF222078F}.Release|Any CPU.ActiveCfg = Release|Any CPU
		{AAC19A5F-AD82-4547-C43E-E20BF222078F}.Release|Any CPU.Build.0 = Release|Any CPU
		{52AC3E94-6E3B-DCC2-3D9A-1B27A4D9C1B0}.Debug|Any CPU.ActiveCfg = Debug|Any CPU
		{52AC3E94-6E3B-DCC2-3D9A-1B27A4D9C1B0}.Debug|Any CPU.Build.0 = Debug|Any CPU
		{52AC3E94-6E3B-DCC2-3D9A-1B27A4D9C1B0}.Release|Any CPU.ActiveCfg = Release|Any CPU
		{52AC3E94-6E3B-DCC2-3D9A-1B27A4D9C1B0}.Release|Any CPU.Build.0 = Release|Any CPU
	EndGlobalSection
	GlobalSection(SolutionProperties) = preSolution
		HideSolutionNode = FALSE
	EndGlobalSection
EndGlobal
